{
  "version": 4,
  "terraform_version": "0.13.4",
  "serial": 1,
  "lineage": "62fc4961-e379-e18e-8407-ac20ed8ff731",
  "outputs": {},
  "resources": [
    {
      "mode": "managed",
      "type": "azurerm_resource_group",
      "name": "parjan-rg",
      "provider": "provider[\"registry.terraform.io/hashicorp/azurerm\"]",
      "instances": [
        {
          "schema_version": 0,
          "attributes": {
            "id": "/subscriptions/10ad4cdc-8229-4e27-9a05-785123056857/resourceGroups/parjan-resource-group",
            "location": "eastus",
            "name": "parjan-resource-group",
            "tags": {
              "env": "parjan-resource-group"
            },
            "timeouts": null
          },
          "private": "eyJlMmJmYjczMC1lY2FhLTExZTYtOGY4OC0zNDM2M2JjN2M0YzAiOnsiY3JlYXRlIjo1NDAwMDAwMDAwMDAwLCJkZWxldGUiOjU0MDAwMDAwMDAwMDAsInJlYWQiOjMwMDAwMDAwMDAwMCwidXBkYXRlIjo1NDAwMDAwMDAwMDAwfX0="
        }
      ]
    }
  ]
}
